
Microsoft Visual Studio Solution File, Format Version 12.00
# Visual Studio Version 16
VisualStudioVersion = 16.0.30517.126
MinimumVisualStudioVersion = 10.0.40219.1
Project("{FAE04EC0-301F-11D3-BF4B-00C04F79EFBC}") = "Exercise1", "Exercise1\Exercise1.csproj", "{C26A2A7F-8514-46F5-AA20-BE380EC9F0A5}"
EndProject
Global
	GlobalSection(SolutionConfigurationPlatforms) = preSolution
		Debug|Any CPU = Debug|Any CPU
		Release|Any CPU = Release|Any CPU
	EndGlobalSection
	GlobalSection(ProjectConfigurationPlatforms) = postSolution
		{C26A2A7F-8514-46F5-AA20-BE380EC9F0A5}.Debug|Any CPU.ActiveCfg = Debug|Any CPU
		{C26A2A7F-8514-46F5-AA20-BE380EC9F0A5}.Debug|Any CPU.Build.0 = Debug|Any CPU
		{C26A2A7F-8514-46F5-AA20-BE380EC9F0A5}.Release|Any CPU.ActiveCfg = Release|Any CPU
		{C26A2A7F-8514-46F5-AA20-BE380EC9F0A5}.Release|Any CPU.Build.0 = Release|Any CPU
	EndGlobalSection
	GlobalSection(SolutionProperties) = preSolution
		HideSolutionNode = FALSE
	EndGlobalSection
	GlobalSection(ExtensibilityGlobals) = postSolution
		SolutionGuid = {8876DFB2-EE16-41AE-9C16-890F96E4286F}
	EndGlobalSection
EndGlobal
